
Microsoft Visual Studio Solution File, Format Version 12.00
# Visual Studio Version 17
VisualStudioVersion = 17.6.33829.357
MinimumVisualStudioVersion = 10.0.40219.1
Project("{FAE04EC0-301F-11D3-BF4B-00C04F79EFBC}") = "AgendaMedWebApp", "AgendaMedWebApp\AgendaMedWebApp.csproj", "{069A8D7C-E2E9-4F70-9391-0643DFE9A24E}"
EndProject
Global
	GlobalSection(SolutionConfigurationPlatforms) = preSolution
		Debug|Any CPU = Debug|Any CPU
		Release|Any CPU = Release|Any CPU
	EndGlobalSection
	GlobalSection(ProjectConfigurationPlatforms) = postSolution
		{069A8D7C-E2E9-4F70-9391-0643DFE9A24E}.Debug|Any CPU.ActiveCfg = Debug|Any CPU
		{069A8D7C-E2E9-4F70-9391-0643DFE9A24E}.Debug|Any CPU.Build.0 = Debug|Any CPU
		{069A8D7C-E2E9-4F70-9391-0643DFE9A24E}.Release|Any CPU.ActiveCfg = Release|Any CPU
		{069A8D7C-E2E9-4F70-9391-0643DFE9A24E}.Release|Any CPU.Build.0 = Release|Any CPU
	EndGlobalSection
	GlobalSection(SolutionProperties) = preSolution
		HideSolutionNode = FALSE
	EndGlobalSection
	GlobalSection(ExtensibilityGlobals) = postSolution
		SolutionGuid = {56835F72-2898-4F83-B5FB-9FA7BB92A1E9}
	EndGlobalSection
EndGlobal
